
Microsoft Visual Studio Solution File, Format Version 12.00
# Visual Studio 14
VisualStudioVersion = 14.0.23107.0
MinimumVisualStudioVersion = 10.0.40219.1
Project("{FAE04EC0-301F-11D3-BF4B-00C04F79EFBC}") = "WorkflowMax-App", "WorkflowMax-App\WorkflowMax-App.csproj", "{A1F39932-CA6D-4C34-96B9-D43429AD220C}"
EndProject
Project("{FAE04EC0-301F-11D3-BF4B-00C04F79EFBC}") = "WorkflowMax-AppWeb", "WorkflowMax-AppWeb\WorkflowMax-AppWeb.csproj", "{D0F32DA0-879D-4CDF-ACAF-426D710F241C}"
EndProject
Global
	GlobalSection(SolutionConfigurationPlatforms) = preSolution
		Debug|Any CPU = Debug|Any CPU
		Release|Any CPU = Release|Any CPU
	EndGlobalSection
	GlobalSection(ProjectConfigurationPlatforms) = postSolution
		{A1F39932-CA6D-4C34-96B9-D43429AD220C}.Debug|Any CPU.ActiveCfg = Debug|Any CPU
		{A1F39932-CA6D-4C34-96B9-D43429AD220C}.Debug|Any CPU.Build.0 = Debug|Any CPU
		{A1F39932-CA6D-4C34-96B9-D43429AD220C}.Debug|Any CPU.Deploy.0 = Debug|Any CPU
		{A1F39932-CA6D-4C34-96B9-D43429AD220C}.Release|Any CPU.ActiveCfg = Release|Any CPU
		{A1F39932-CA6D-4C34-96B9-D43429AD220C}.Release|Any CPU.Build.0 = Release|Any CPU
		{A1F39932-CA6D-4C34-96B9-D43429AD220C}.Release|Any CPU.Deploy.0 = Release|Any CPU
		{D0F32DA0-879D-4CDF-ACAF-426D710F241C}.Debug|Any CPU.ActiveCfg = Debug|Any CPU
		{D0F32DA0-879D-4CDF-ACAF-426D710F241C}.Debug|Any CPU.Build.0 = Debug|Any CPU
		{D0F32DA0-879D-4CDF-ACAF-426D710F241C}.Debug|Any CPU.Deploy.0 = Debug|Any CPU
		{D0F32DA0-879D-4CDF-ACAF-426D710F241C}.Release|Any CPU.ActiveCfg = Release|Any CPU
		{D0F32DA0-879D-4CDF-ACAF-426D710F241C}.Release|Any CPU.Build.0 = Release|Any CPU
	EndGlobalSection
	GlobalSection(SolutionProperties) = preSolution
		HideSolutionNode = FALSE
	EndGlobalSection
EndGlobal
